
Microsoft Visual Studio Solution File, Format Version 12.00
# Visual Studio 15
VisualStudioVersion = 15.0.26403.0
MinimumVisualStudioVersion = 10.0.40219.1
Project("{2150E333-8FDC-42A3-9474-1A3956D46DE8}") = ".nuget", ".nuget", "{A2881495-9A79-4E80-B577-A9087BC4A23D}"
	ProjectSection(SolutionItems) = preProject
		.nuget\NuGet.Config = .nuget\NuGet.Config
		.nuget\NuGet.exe = .nuget\NuGet.exe
		.nuget\NuGet.targets = .nuget\NuGet.targets
	EndProjectSection
EndProject
Project("{FAE04EC0-301F-11D3-BF4B-00C04F79EFBC}") = "Mips", "Mips\Mips.csproj", "{05A7CF08-6885-43F2-8C22-84199F8C0E31}"
EndProject
Project("{FAE04EC0-301F-11D3-BF4B-00C04F79EFBC}") = "Amps.SDK", "Amps.SDK\Amps.SDK.csproj", "{A09E36B9-C828-420E-A262-2E25C4DA6D47}"
EndProject
Project("{FAE04EC0-301F-11D3-BF4B-00C04F79EFBC}") = "Amps.SDK.Tests", "Amps.SDK.Tests\Amps.SDK.Tests.csproj", "{EAEADBF2-85C6-4F31-A37E-E6E702A8C691}"
EndProject
Global
	GlobalSection(SolutionConfigurationPlatforms) = preSolution
		Debug|Any CPU = Debug|Any CPU
		Debug|x64 = Debug|x64
		PNNLRelease|Any CPU = PNNLRelease|Any CPU
		PNNLRelease|x64 = PNNLRelease|x64
		Release|Any CPU = Release|Any CPU
		Release|x64 = Release|x64
	EndGlobalSection
	GlobalSection(ProjectConfigurationPlatforms) = postSolution
		{05A7CF08-6885-43F2-8C22-84199F8C0E31}.Debug|Any CPU.ActiveCfg = Debug|Any CPU
		{05A7CF08-6885-43F2-8C22-84199F8C0E31}.Debug|Any CPU.Build.0 = Debug|Any CPU
		{05A7CF08-6885-43F2-8C22-84199F8C0E31}.Debug|x64.ActiveCfg = Debug|Any CPU
		{05A7CF08-6885-43F2-8C22-84199F8C0E31}.Debug|x64.Build.0 = Debug|Any CPU
		{05A7CF08-6885-43F2-8C22-84199F8C0E31}.PNNLRelease|Any CPU.ActiveCfg = Release|Any CPU
		{05A7CF08-6885-43F2-8C22-84199F8C0E31}.PNNLRelease|Any CPU.Build.0 = Release|Any CPU
		{05A7CF08-6885-43F2-8C22-84199F8C0E31}.PNNLRelease|x64.ActiveCfg = Release|Any CPU
		{05A7CF08-6885-43F2-8C22-84199F8C0E31}.PNNLRelease|x64.Build.0 = Release|Any CPU
		{05A7CF08-6885-43F2-8C22-84199F8C0E31}.Release|Any CPU.ActiveCfg = Release|Any CPU
		{05A7CF08-6885-43F2-8C22-84199F8C0E31}.Release|Any CPU.Build.0 = Release|Any CPU
		{05A7CF08-6885-43F2-8C22-84199F8C0E31}.Release|x64.ActiveCfg = Release|Any CPU
		{05A7CF08-6885-43F2-8C22-84199F8C0E31}.Release|x64.Build.0 = Release|Any CPU
		{A09E36B9-C828-420E-A262-2E25C4DA6D47}.Debug|Any CPU.ActiveCfg = Debug|Any CPU
		{A09E36B9-C828-420E-A262-2E25C4DA6D47}.Debug|Any CPU.Build.0 = Debug|Any CPU
		{A09E36B9-C828-420E-A262-2E25C4DA6D47}.Debug|x64.ActiveCfg = Debug|Any CPU
		{A09E36B9-C828-420E-A262-2E25C4DA6D47}.Debug|x64.Build.0 = Debug|Any CPU
		{A09E36B9-C828-420E-A262-2E25C4DA6D47}.PNNLRelease|Any CPU.ActiveCfg = Release|Any CPU
		{A09E36B9-C828-420E-A262-2E25C4DA6D47}.PNNLRelease|Any CPU.Build.0 = Release|Any CPU
		{A09E36B9-C828-420E-A262-2E25C4DA6D47}.PNNLRelease|x64.ActiveCfg = Release|Any CPU
		{A09E36B9-C828-420E-A262-2E25C4DA6D47}.PNNLRelease|x64.Build.0 = Release|Any CPU
		{A09E36B9-C828-420E-A262-2E25C4DA6D47}.Release|Any CPU.ActiveCfg = Release|Any CPU
		{A09E36B9-C828-420E-A262-2E25C4DA6D47}.Release|Any CPU.Build.0 = Release|Any CPU
		{A09E36B9-C828-420E-A262-2E25C4DA6D47}.Release|x64.ActiveCfg = Release|Any CPU
		{A09E36B9-C828-420E-A262-2E25C4DA6D47}.Release|x64.Build.0 = Release|Any CPU
		{EAEADBF2-85C6-4F31-A37E-E6E702A8C691}.Debug|Any CPU.ActiveCfg = Debug|Any CPU
		{EAEADBF2-85C6-4F31-A37E-E6E702A8C691}.Debug|Any CPU.Build.0 = Debug|Any CPU
		{EAEADBF2-85C6-4F31-A37E-E6E702A8C691}.Debug|x64.ActiveCfg = Debug|Any CPU
		{EAEADBF2-85C6-4F31-A37E-E6E702A8C691}.Debug|x64.Build.0 = Debug|Any CPU
		{EAEADBF2-85C6-4F31-A37E-E6E702A8C691}.PNNLRelease|Any CPU.ActiveCfg = Release|Any CPU
		{EAEADBF2-85C6-4F31-A37E-E6E702A8C691}.PNNLRelease|Any CPU.Build.0 = Release|Any CPU
		{EAEADBF2-85C6-4F31-A37E-E6E702A8C691}.PNNLRelease|x64.ActiveCfg = Release|Any CPU
		{EAEADBF2-85C6-4F31-A37E-E6E702A8C691}.PNNLRelease|x64.Build.0 = Release|Any CPU
		{EAEADBF2-85C6-4F31-A37E-E6E702A8C691}.Release|Any CPU.ActiveCfg = Release|Any CPU
		{EAEADBF2-85C6-4F31-A37E-E6E702A8C691}.Release|Any CPU.Build.0 = Release|Any CPU
		{EAEADBF2-85C6-4F31-A37E-E6E702A8C691}.Release|x64.ActiveCfg = Release|Any CPU
		{EAEADBF2-85C6-4F31-A37E-E6E702A8C691}.Release|x64.Build.0 = Release|Any CPU
	EndGlobalSection
	GlobalSection(SolutionProperties) = preSolution
		HideSolutionNode = FALSE
	EndGlobalSection
EndGlobal
