
Microsoft Visual Studio Solution File, Format Version 12.00
# Visual Studio 15
VisualStudioVersion = 15.0.26430.14
MinimumVisualStudioVersion = 10.0.40219.1
Project("{FAE04EC0-301F-11D3-BF4B-00C04F79EFBC}") = "mips-control", "mips-control\mips-control.csproj", "{055325F3-7603-4FC5-B3CB-D8A959326C1D}"
EndProject
Project("{FAE04EC0-301F-11D3-BF4B-00C04F79EFBC}") = "F.Controls", "..\..\..\Falkor\F.Controls\F.Controls.csproj", "{F52A0A93-DEAF-4289-93D4-D5813821F158}"
EndProject
Project("{FAE04EC0-301F-11D3-BF4B-00C04F79EFBC}") = "Falkor.Infrastructure", "..\..\..\Falkor\Falkor.Infrastructure\Falkor.Infrastructure.csproj", "{F7914D26-5B3E-4919-8D51-16CD48AD4BBC}"
EndProject
Project("{FAE04EC0-301F-11D3-BF4B-00C04F79EFBC}") = "Falkor.SDK", "..\..\..\Falkor\Falkor.SDK\Falkor.SDK.csproj", "{EC4FC900-CC90-4F05-A976-69C45E38668A}"
EndProject
Project("{FAE04EC0-301F-11D3-BF4B-00C04F79EFBC}") = "GenerateCommandTest", "GenerateCommandTest\GenerateCommandTest.csproj", "{096AF825-FD0B-4EA8-8603-879241523A35}"
EndProject
Global
	GlobalSection(SolutionConfigurationPlatforms) = preSolution
		Debug|Any CPU = Debug|Any CPU
		Release|Any CPU = Release|Any CPU
	EndGlobalSection
	GlobalSection(ProjectConfigurationPlatforms) = postSolution
		{055325F3-7603-4FC5-B3CB-D8A959326C1D}.Debug|Any CPU.ActiveCfg = Debug|Any CPU
		{055325F3-7603-4FC5-B3CB-D8A959326C1D}.Debug|Any CPU.Build.0 = Debug|Any CPU
		{055325F3-7603-4FC5-B3CB-D8A959326C1D}.Release|Any CPU.ActiveCfg = Release|Any CPU
		{055325F3-7603-4FC5-B3CB-D8A959326C1D}.Release|Any CPU.Build.0 = Release|Any CPU
		{F52A0A93-DEAF-4289-93D4-D5813821F158}.Debug|Any CPU.ActiveCfg = Debug|Any CPU
		{F52A0A93-DEAF-4289-93D4-D5813821F158}.Debug|Any CPU.Build.0 = Debug|Any CPU
		{F52A0A93-DEAF-4289-93D4-D5813821F158}.Release|Any CPU.ActiveCfg = Release|Any CPU
		{F52A0A93-DEAF-4289-93D4-D5813821F158}.Release|Any CPU.Build.0 = Release|Any CPU
		{F7914D26-5B3E-4919-8D51-16CD48AD4BBC}.Debug|Any CPU.ActiveCfg = Debug|Any CPU
		{F7914D26-5B3E-4919-8D51-16CD48AD4BBC}.Debug|Any CPU.Build.0 = Debug|Any CPU
		{F7914D26-5B3E-4919-8D51-16CD48AD4BBC}.Release|Any CPU.ActiveCfg = Release|Any CPU
		{F7914D26-5B3E-4919-8D51-16CD48AD4BBC}.Release|Any CPU.Build.0 = Release|Any CPU
		{EC4FC900-CC90-4F05-A976-69C45E38668A}.Debug|Any CPU.ActiveCfg = Debug|Any CPU
		{EC4FC900-CC90-4F05-A976-69C45E38668A}.Debug|Any CPU.Build.0 = Debug|Any CPU
		{EC4FC900-CC90-4F05-A976-69C45E38668A}.Release|Any CPU.ActiveCfg = Release|Any CPU
		{EC4FC900-CC90-4F05-A976-69C45E38668A}.Release|Any CPU.Build.0 = Release|Any CPU
		{096AF825-FD0B-4EA8-8603-879241523A35}.Debug|Any CPU.ActiveCfg = Debug|Any CPU
		{096AF825-FD0B-4EA8-8603-879241523A35}.Debug|Any CPU.Build.0 = Debug|Any CPU
		{096AF825-FD0B-4EA8-8603-879241523A35}.Release|Any CPU.ActiveCfg = Release|Any CPU
		{096AF825-FD0B-4EA8-8603-879241523A35}.Release|Any CPU.Build.0 = Release|Any CPU
	EndGlobalSection
	GlobalSection(SolutionProperties) = preSolution
		HideSolutionNode = FALSE
	EndGlobalSection
EndGlobal
